
Microsoft Visual Studio Solution File, Format Version 12.00
# Visual Studio Version 17
VisualStudioVersion = 17.1.32421.90
MinimumVisualStudioVersion = 10.0.40219.1
Project("{9A19103F-16F7-4668-BE54-9A1E7A4F7556}") = "MySite6New.Server", "MySite6New\Server\MySite6New.Server.csproj", "{9C43CDE2-2AA1-469B-A690-4C811A1081AD}"
EndProject
Project("{9A19103F-16F7-4668-BE54-9A1E7A4F7556}") = "MySite6New.Client", "MySite6New\Client\MySite6New.Client.csproj", "{60664C04-DC7C-4A66-A7E8-AD04438EFB93}"
EndProject
Project("{9A19103F-16F7-4668-BE54-9A1E7A4F7556}") = "MySite6New.Shared", "MySite6New\Shared\MySite6New.Shared.csproj", "{880DABE1-E903-43FA-BD98-72D15B2474B6}"
EndProject
Project("{9A19103F-16F7-4668-BE54-9A1E7A4F7556}") = "PasswordGenerator", "PasswordGenerator\PasswordGenerator.csproj", "{791F601D-46F4-4295-B669-472657106B4C}"
EndProject
Global
	GlobalSection(SolutionConfigurationPlatforms) = preSolution
		Debug|Any CPU = Debug|Any CPU
		Release|Any CPU = Release|Any CPU
	EndGlobalSection
	GlobalSection(ProjectConfigurationPlatforms) = postSolution
		{9C43CDE2-2AA1-469B-A690-4C811A1081AD}.Debug|Any CPU.ActiveCfg = Debug|Any CPU
		{9C43CDE2-2AA1-469B-A690-4C811A1081AD}.Debug|Any CPU.Build.0 = Debug|Any CPU
		{9C43CDE2-2AA1-469B-A690-4C811A1081AD}.Release|Any CPU.ActiveCfg = Release|Any CPU
		{9C43CDE2-2AA1-469B-A690-4C811A1081AD}.Release|Any CPU.Build.0 = Release|Any CPU
		{60664C04-DC7C-4A66-A7E8-AD04438EFB93}.Debug|Any CPU.ActiveCfg = Debug|Any CPU
		{60664C04-DC7C-4A66-A7E8-AD04438EFB93}.Debug|Any CPU.Build.0 = Debug|Any CPU
		{60664C04-DC7C-4A66-A7E8-AD04438EFB93}.Release|Any CPU.ActiveCfg = Release|Any CPU
		{60664C04-DC7C-4A66-A7E8-AD04438EFB93}.Release|Any CPU.Build.0 = Release|Any CPU
		{880DABE1-E903-43FA-BD98-72D15B2474B6}.Debug|Any CPU.ActiveCfg = Debug|Any CPU
		{880DABE1-E903-43FA-BD98-72D15B2474B6}.Debug|Any CPU.Build.0 = Debug|Any CPU
		{880DABE1-E903-43FA-BD98-72D15B2474B6}.Release|Any CPU.ActiveCfg = Release|Any CPU
		{880DABE1-E903-43FA-BD98-72D15B2474B6}.Release|Any CPU.Build.0 = Release|Any CPU
		{791F601D-46F4-4295-B669-472657106B4C}.Debug|Any CPU.ActiveCfg = Debug|Any CPU
		{791F601D-46F4-4295-B669-472657106B4C}.Debug|Any CPU.Build.0 = Debug|Any CPU
		{791F601D-46F4-4295-B669-472657106B4C}.Release|Any CPU.ActiveCfg = Release|Any CPU
		{791F601D-46F4-4295-B669-472657106B4C}.Release|Any CPU.Build.0 = Release|Any CPU
	EndGlobalSection
	GlobalSection(SolutionProperties) = preSolution
		HideSolutionNode = FALSE
	EndGlobalSection
	GlobalSection(ExtensibilityGlobals) = postSolution
		SolutionGuid = {14975DF8-63C0-4907-9D32-B39A904BBBEA}
	EndGlobalSection
EndGlobal
